
Microsoft Visual Studio Solution File, Format Version 12.00
# Visual Studio Version 16
VisualStudioVersion = 16.0.30503.244
MinimumVisualStudioVersion = 10.0.40219.1
Project("{FAE04EC0-301F-11D3-BF4B-00C04F79EFBC}") = "Opgave 18 (Box class)", "Opgave 18 (Box class)\Opgave 18 (Box class).csproj", "{035059B4-B33D-45A0-95BA-88CB26B77635}"
EndProject
Project("{FAE04EC0-301F-11D3-BF4B-00C04F79EFBC}") = "Opgave 18.1 + 18.2 + 18.3 + 18.4", "Opgave 18.1 + 18.2 + 18.3 + 18.4\Opgave 18.1 + 18.2 + 18.3 + 18.4.csproj", "{C43AE7ED-0150-4AD6-A5EC-EE3D42D0F147}"
EndProject
Global
	GlobalSection(SolutionConfigurationPlatforms) = preSolution
		Debug|Any CPU = Debug|Any CPU
		Release|Any CPU = Release|Any CPU
	EndGlobalSection
	GlobalSection(ProjectConfigurationPlatforms) = postSolution
		{035059B4-B33D-45A0-95BA-88CB26B77635}.Debug|Any CPU.ActiveCfg = Debug|Any CPU
		{035059B4-B33D-45A0-95BA-88CB26B77635}.Debug|Any CPU.Build.0 = Debug|Any CPU
		{035059B4-B33D-45A0-95BA-88CB26B77635}.Release|Any CPU.ActiveCfg = Release|Any CPU
		{035059B4-B33D-45A0-95BA-88CB26B77635}.Release|Any CPU.Build.0 = Release|Any CPU
		{C43AE7ED-0150-4AD6-A5EC-EE3D42D0F147}.Debug|Any CPU.ActiveCfg = Debug|Any CPU
		{C43AE7ED-0150-4AD6-A5EC-EE3D42D0F147}.Debug|Any CPU.Build.0 = Debug|Any CPU
		{C43AE7ED-0150-4AD6-A5EC-EE3D42D0F147}.Release|Any CPU.ActiveCfg = Release|Any CPU
		{C43AE7ED-0150-4AD6-A5EC-EE3D42D0F147}.Release|Any CPU.Build.0 = Release|Any CPU
	EndGlobalSection
	GlobalSection(SolutionProperties) = preSolution
		HideSolutionNode = FALSE
	EndGlobalSection
	GlobalSection(ExtensibilityGlobals) = postSolution
		SolutionGuid = {C39C2148-DED0-4E79-955E-2818791DBDE0}
	EndGlobalSection
EndGlobal
