
Microsoft Visual Studio Solution File, Format Version 12.00
# Visual Studio Version 16
VisualStudioVersion = 16.0.30503.244
MinimumVisualStudioVersion = 10.0.40219.1
Project("{FAE04EC0-301F-11D3-BF4B-00C04F79EFBC}") = "Opgave 3 (Different console properties)", "Opgave 3 (Different console properties)\Opgave 3 (Different console properties).csproj", "{39C77804-CA66-4A4C-A19C-A80E4DDDE73E}"
EndProject
Global
	GlobalSection(SolutionConfigurationPlatforms) = preSolution
		Debug|Any CPU = Debug|Any CPU
		Release|Any CPU = Release|Any CPU
	EndGlobalSection
	GlobalSection(ProjectConfigurationPlatforms) = postSolution
		{39C77804-CA66-4A4C-A19C-A80E4DDDE73E}.Debug|Any CPU.ActiveCfg = Debug|Any CPU
		{39C77804-CA66-4A4C-A19C-A80E4DDDE73E}.Debug|Any CPU.Build.0 = Debug|Any CPU
		{39C77804-CA66-4A4C-A19C-A80E4DDDE73E}.Release|Any CPU.ActiveCfg = Release|Any CPU
		{39C77804-CA66-4A4C-A19C-A80E4DDDE73E}.Release|Any CPU.Build.0 = Release|Any CPU
	EndGlobalSection
	GlobalSection(SolutionProperties) = preSolution
		HideSolutionNode = FALSE
	EndGlobalSection
	GlobalSection(ExtensibilityGlobals) = postSolution
		SolutionGuid = {14B51005-2987-4CBC-B3F8-EC1AD142F57C}
	EndGlobalSection
EndGlobal
