
Microsoft Visual Studio Solution File, Format Version 12.00
# Visual Studio Version 16
VisualStudioVersion = 16.0.30503.244
MinimumVisualStudioVersion = 10.0.40219.1
Project("{FAE04EC0-301F-11D3-BF4B-00C04F79EFBC}") = "Opgave 6 (Boolean checks)", "Opgave 6 (Boolean checks)\Opgave 6 (Boolean checks).csproj", "{B6D482F7-72DD-414D-AF3D-710C21840C91}"
EndProject
Project("{FAE04EC0-301F-11D3-BF4B-00C04F79EFBC}") = "Opgave 6.1", "Opgave 6.1\Opgave 6.1.csproj", "{684D592D-5DD3-4EE7-B5B3-BD519F86FA07}"
EndProject
Global
	GlobalSection(SolutionConfigurationPlatforms) = preSolution
		Debug|Any CPU = Debug|Any CPU
		Release|Any CPU = Release|Any CPU
	EndGlobalSection
	GlobalSection(ProjectConfigurationPlatforms) = postSolution
		{B6D482F7-72DD-414D-AF3D-710C21840C91}.Debug|Any CPU.ActiveCfg = Debug|Any CPU
		{B6D482F7-72DD-414D-AF3D-710C21840C91}.Debug|Any CPU.Build.0 = Debug|Any CPU
		{B6D482F7-72DD-414D-AF3D-710C21840C91}.Release|Any CPU.ActiveCfg = Release|Any CPU
		{B6D482F7-72DD-414D-AF3D-710C21840C91}.Release|Any CPU.Build.0 = Release|Any CPU
		{684D592D-5DD3-4EE7-B5B3-BD519F86FA07}.Debug|Any CPU.ActiveCfg = Debug|Any CPU
		{684D592D-5DD3-4EE7-B5B3-BD519F86FA07}.Debug|Any CPU.Build.0 = Debug|Any CPU
		{684D592D-5DD3-4EE7-B5B3-BD519F86FA07}.Release|Any CPU.ActiveCfg = Release|Any CPU
		{684D592D-5DD3-4EE7-B5B3-BD519F86FA07}.Release|Any CPU.Build.0 = Release|Any CPU
	EndGlobalSection
	GlobalSection(SolutionProperties) = preSolution
		HideSolutionNode = FALSE
	EndGlobalSection
	GlobalSection(ExtensibilityGlobals) = postSolution
		SolutionGuid = {085F8654-3A4A-4EDB-BCA9-EB08A70C6B2F}
	EndGlobalSection
EndGlobal
