
Microsoft Visual Studio Solution File, Format Version 12.00
# Visual Studio Version 16
VisualStudioVersion = 16.0.29509.3
MinimumVisualStudioVersion = 10.0.40219.1
Project("{FAE04EC0-301F-11D3-BF4B-00C04F79EFBC}") = "8 Ball Group Work", "8 Ball Group Work\8 Ball Group Work.csproj", "{532F05D5-6762-48BF-8034-9A42B182EC69}"
EndProject
Global
	GlobalSection(SolutionConfigurationPlatforms) = preSolution
		Debug|Any CPU = Debug|Any CPU
		Release|Any CPU = Release|Any CPU
	EndGlobalSection
	GlobalSection(ProjectConfigurationPlatforms) = postSolution
		{532F05D5-6762-48BF-8034-9A42B182EC69}.Debug|Any CPU.ActiveCfg = Debug|Any CPU
		{532F05D5-6762-48BF-8034-9A42B182EC69}.Debug|Any CPU.Build.0 = Debug|Any CPU
		{532F05D5-6762-48BF-8034-9A42B182EC69}.Release|Any CPU.ActiveCfg = Release|Any CPU
		{532F05D5-6762-48BF-8034-9A42B182EC69}.Release|Any CPU.Build.0 = Release|Any CPU
	EndGlobalSection
	GlobalSection(SolutionProperties) = preSolution
		HideSolutionNode = FALSE
	EndGlobalSection
	GlobalSection(ExtensibilityGlobals) = postSolution
		SolutionGuid = {9507ABA0-40DE-457A-A670-0A72C784CAB4}
	EndGlobalSection
EndGlobal
