
Microsoft Visual Studio Solution File, Format Version 12.00
# Visual Studio Version 16
VisualStudioVersion = 16.0.30503.244
MinimumVisualStudioVersion = 10.0.40219.1
Project("{FAE04EC0-301F-11D3-BF4B-00C04F79EFBC}") = "Opgave 9 (if statement guessing game)", "Opgave 9 (if statement guessing game)\Opgave 9 (if statement guessing game).csproj", "{04CA3C93-1A55-4DAB-A754-B631684544AD}"
EndProject
Project("{FAE04EC0-301F-11D3-BF4B-00C04F79EFBC}") = "Opgave 9.1", "Opgave 9.1\Opgave 9.1.csproj", "{83CDE2C7-9E8A-45DA-91EB-38E6840C2C9A}"
EndProject
Project("{FAE04EC0-301F-11D3-BF4B-00C04F79EFBC}") = "Opgave 9.2", "Opgave 9.2\Opgave 9.2.csproj", "{BBE32FF3-30C6-472A-8E64-3F7B6FBAB4AB}"
EndProject
Project("{FAE04EC0-301F-11D3-BF4B-00C04F79EFBC}") = "Opgave 9.3", "Opgave 9.3\Opgave 9.3.csproj", "{575AF841-70A3-4903-9835-4DA1A80B3EE2}"
EndProject
Project("{FAE04EC0-301F-11D3-BF4B-00C04F79EFBC}") = "Opgave 9.4", "Opgave 9.4\Opgave 9.4.csproj", "{FE133FD5-A184-402B-B205-78A4BD82294F}"
EndProject
Global
	GlobalSection(SolutionConfigurationPlatforms) = preSolution
		Debug|Any CPU = Debug|Any CPU
		Release|Any CPU = Release|Any CPU
	EndGlobalSection
	GlobalSection(ProjectConfigurationPlatforms) = postSolution
		{04CA3C93-1A55-4DAB-A754-B631684544AD}.Debug|Any CPU.ActiveCfg = Debug|Any CPU
		{04CA3C93-1A55-4DAB-A754-B631684544AD}.Debug|Any CPU.Build.0 = Debug|Any CPU
		{04CA3C93-1A55-4DAB-A754-B631684544AD}.Release|Any CPU.ActiveCfg = Release|Any CPU
		{04CA3C93-1A55-4DAB-A754-B631684544AD}.Release|Any CPU.Build.0 = Release|Any CPU
		{83CDE2C7-9E8A-45DA-91EB-38E6840C2C9A}.Debug|Any CPU.ActiveCfg = Debug|Any CPU
		{83CDE2C7-9E8A-45DA-91EB-38E6840C2C9A}.Debug|Any CPU.Build.0 = Debug|Any CPU
		{83CDE2C7-9E8A-45DA-91EB-38E6840C2C9A}.Release|Any CPU.ActiveCfg = Release|Any CPU
		{83CDE2C7-9E8A-45DA-91EB-38E6840C2C9A}.Release|Any CPU.Build.0 = Release|Any CPU
		{BBE32FF3-30C6-472A-8E64-3F7B6FBAB4AB}.Debug|Any CPU.ActiveCfg = Debug|Any CPU
		{BBE32FF3-30C6-472A-8E64-3F7B6FBAB4AB}.Debug|Any CPU.Build.0 = Debug|Any CPU
		{BBE32FF3-30C6-472A-8E64-3F7B6FBAB4AB}.Release|Any CPU.ActiveCfg = Release|Any CPU
		{BBE32FF3-30C6-472A-8E64-3F7B6FBAB4AB}.Release|Any CPU.Build.0 = Release|Any CPU
		{575AF841-70A3-4903-9835-4DA1A80B3EE2}.Debug|Any CPU.ActiveCfg = Debug|Any CPU
		{575AF841-70A3-4903-9835-4DA1A80B3EE2}.Debug|Any CPU.Build.0 = Debug|Any CPU
		{575AF841-70A3-4903-9835-4DA1A80B3EE2}.Release|Any CPU.ActiveCfg = Release|Any CPU
		{575AF841-70A3-4903-9835-4DA1A80B3EE2}.Release|Any CPU.Build.0 = Release|Any CPU
		{FE133FD5-A184-402B-B205-78A4BD82294F}.Debug|Any CPU.ActiveCfg = Debug|Any CPU
		{FE133FD5-A184-402B-B205-78A4BD82294F}.Debug|Any CPU.Build.0 = Debug|Any CPU
		{FE133FD5-A184-402B-B205-78A4BD82294F}.Release|Any CPU.ActiveCfg = Release|Any CPU
		{FE133FD5-A184-402B-B205-78A4BD82294F}.Release|Any CPU.Build.0 = Release|Any CPU
	EndGlobalSection
	GlobalSection(SolutionProperties) = preSolution
		HideSolutionNode = FALSE
	EndGlobalSection
	GlobalSection(ExtensibilityGlobals) = postSolution
		SolutionGuid = {BDB3F65B-2D7A-493A-8F4D-725726511066}
	EndGlobalSection
EndGlobal
