
Microsoft Visual Studio Solution File, Format Version 12.00
# Visual Studio Version 16
VisualStudioVersion = 16.0.30413.136
MinimumVisualStudioVersion = 10.0.40219.1
Project("{FAE04EC0-301F-11D3-BF4B-00C04F79EFBC}") = "Morris the Miner", "Morris the Miner\Morris the Miner.csproj", "{DD2E1D58-DF79-4750-A8C0-F9A2F37A82B1}"
EndProject
Project("{FAE04EC0-301F-11D3-BF4B-00C04F79EFBC}") = "Morris the Miner Alt1", "Morris the Miner Alt\Morris the Miner Alt1.csproj", "{D8FC4034-E0CD-4BB9-8F21-E8FC1AC4AC73}"
EndProject
Project("{FAE04EC0-301F-11D3-BF4B-00C04F79EFBC}") = "Morris the Miner Alt2", "Morris the Miner Alt2\Morris the Miner Alt2.csproj", "{0EF95FFB-BAD6-4501-8E6F-8BB462564E49}"
EndProject
Project("{FAE04EC0-301F-11D3-BF4B-00C04F79EFBC}") = "Morris the Miner Alt3", "Morris the Miner Alt3\Morris the Miner Alt3.csproj", "{28116EE4-5D1F-435B-8040-722C7228E07F}"
EndProject
Global
	GlobalSection(SolutionConfigurationPlatforms) = preSolution
		Debug|Any CPU = Debug|Any CPU
		Release|Any CPU = Release|Any CPU
	EndGlobalSection
	GlobalSection(ProjectConfigurationPlatforms) = postSolution
		{DD2E1D58-DF79-4750-A8C0-F9A2F37A82B1}.Debug|Any CPU.ActiveCfg = Debug|Any CPU
		{DD2E1D58-DF79-4750-A8C0-F9A2F37A82B1}.Debug|Any CPU.Build.0 = Debug|Any CPU
		{DD2E1D58-DF79-4750-A8C0-F9A2F37A82B1}.Release|Any CPU.ActiveCfg = Release|Any CPU
		{DD2E1D58-DF79-4750-A8C0-F9A2F37A82B1}.Release|Any CPU.Build.0 = Release|Any CPU
		{D8FC4034-E0CD-4BB9-8F21-E8FC1AC4AC73}.Debug|Any CPU.ActiveCfg = Debug|Any CPU
		{D8FC4034-E0CD-4BB9-8F21-E8FC1AC4AC73}.Debug|Any CPU.Build.0 = Debug|Any CPU
		{D8FC4034-E0CD-4BB9-8F21-E8FC1AC4AC73}.Release|Any CPU.ActiveCfg = Release|Any CPU
		{D8FC4034-E0CD-4BB9-8F21-E8FC1AC4AC73}.Release|Any CPU.Build.0 = Release|Any CPU
		{0EF95FFB-BAD6-4501-8E6F-8BB462564E49}.Debug|Any CPU.ActiveCfg = Debug|Any CPU
		{0EF95FFB-BAD6-4501-8E6F-8BB462564E49}.Debug|Any CPU.Build.0 = Debug|Any CPU
		{0EF95FFB-BAD6-4501-8E6F-8BB462564E49}.Release|Any CPU.ActiveCfg = Release|Any CPU
		{0EF95FFB-BAD6-4501-8E6F-8BB462564E49}.Release|Any CPU.Build.0 = Release|Any CPU
		{28116EE4-5D1F-435B-8040-722C7228E07F}.Debug|Any CPU.ActiveCfg = Debug|Any CPU
		{28116EE4-5D1F-435B-8040-722C7228E07F}.Debug|Any CPU.Build.0 = Debug|Any CPU
		{28116EE4-5D1F-435B-8040-722C7228E07F}.Release|Any CPU.ActiveCfg = Release|Any CPU
		{28116EE4-5D1F-435B-8040-722C7228E07F}.Release|Any CPU.Build.0 = Release|Any CPU
	EndGlobalSection
	GlobalSection(SolutionProperties) = preSolution
		HideSolutionNode = FALSE
	EndGlobalSection
	GlobalSection(ExtensibilityGlobals) = postSolution
		SolutionGuid = {A9F0D286-AA98-4E8E-B206-8855193B16FF}
	EndGlobalSection
EndGlobal
