
Microsoft Visual Studio Solution File, Format Version 12.00
# Visual Studio Version 16
VisualStudioVersion = 16.0.30503.244
MinimumVisualStudioVersion = 10.0.40219.1
Project("{FAE04EC0-301F-11D3-BF4B-00C04F79EFBC}") = "Opgave 8 (Boolean algebra quiz)", "Opgave 8 (Boolean algebra quiz)\Opgave 8 (Boolean algebra quiz).csproj", "{BDDFFCD1-8A72-4811-A1D2-6D5E7D959435}"
EndProject
Project("{FAE04EC0-301F-11D3-BF4B-00C04F79EFBC}") = "Opgave 8.1", "Opgave 8.1\Opgave 8.1.csproj", "{124ACC9E-16CA-40C1-BD8B-CB174B9DB869}"
EndProject
Global
	GlobalSection(SolutionConfigurationPlatforms) = preSolution
		Debug|Any CPU = Debug|Any CPU
		Release|Any CPU = Release|Any CPU
	EndGlobalSection
	GlobalSection(ProjectConfigurationPlatforms) = postSolution
		{BDDFFCD1-8A72-4811-A1D2-6D5E7D959435}.Debug|Any CPU.ActiveCfg = Debug|Any CPU
		{BDDFFCD1-8A72-4811-A1D2-6D5E7D959435}.Debug|Any CPU.Build.0 = Debug|Any CPU
		{BDDFFCD1-8A72-4811-A1D2-6D5E7D959435}.Release|Any CPU.ActiveCfg = Release|Any CPU
		{BDDFFCD1-8A72-4811-A1D2-6D5E7D959435}.Release|Any CPU.Build.0 = Release|Any CPU
		{124ACC9E-16CA-40C1-BD8B-CB174B9DB869}.Debug|Any CPU.ActiveCfg = Debug|Any CPU
		{124ACC9E-16CA-40C1-BD8B-CB174B9DB869}.Debug|Any CPU.Build.0 = Debug|Any CPU
		{124ACC9E-16CA-40C1-BD8B-CB174B9DB869}.Release|Any CPU.ActiveCfg = Release|Any CPU
		{124ACC9E-16CA-40C1-BD8B-CB174B9DB869}.Release|Any CPU.Build.0 = Release|Any CPU
	EndGlobalSection
	GlobalSection(SolutionProperties) = preSolution
		HideSolutionNode = FALSE
	EndGlobalSection
	GlobalSection(ExtensibilityGlobals) = postSolution
		SolutionGuid = {F2D9312F-FDA2-4430-B59B-DDBC30A313B1}
	EndGlobalSection
EndGlobal
